
Microsoft Visual Studio Solution File, Format Version 12.00
# Visual Studio Version 16
VisualStudioVersion = 16.0.31515.178
MinimumVisualStudioVersion = 10.0.40219.1
Project("{9A19103F-16F7-4668-BE54-9A1E7A4F7556}") = "DifferentShapes", "DifferentShapes.csproj", "{089146AC-E530-4BB7-8A1C-832354B47E41}"
EndProject
Global
	GlobalSection(SolutionConfigurationPlatforms) = preSolution
		Debug|Any CPU = Debug|Any CPU
		Release|Any CPU = Release|Any CPU
	EndGlobalSection
	GlobalSection(ProjectConfigurationPlatforms) = postSolution
		{089146AC-E530-4BB7-8A1C-832354B47E41}.Debug|Any CPU.ActiveCfg = Debug|Any CPU
		{089146AC-E530-4BB7-8A1C-832354B47E41}.Debug|Any CPU.Build.0 = Debug|Any CPU
		{089146AC-E530-4BB7-8A1C-832354B47E41}.Release|Any CPU.ActiveCfg = Release|Any CPU
		{089146AC-E530-4BB7-8A1C-832354B47E41}.Release|Any CPU.Build.0 = Release|Any CPU
	EndGlobalSection
	GlobalSection(SolutionProperties) = preSolution
		HideSolutionNode = FALSE
	EndGlobalSection
	GlobalSection(ExtensibilityGlobals) = postSolution
		SolutionGuid = {1D78FC12-7789-43F0-847C-A98DD01CD6F5}
	EndGlobalSection
EndGlobal
