
Microsoft Visual Studio Solution File, Format Version 12.00
# Visual Studio Version 16
VisualStudioVersion = 16.0.31515.178
MinimumVisualStudioVersion = 10.0.40219.1
Project("{FAE04EC0-301F-11D3-BF4B-00C04F79EFBC}") = "SwinAdventureGUI", "SwinAdventureGUI.csproj", "{468FF47C-144F-42D1-9C54-9F61CDBB0CBF}"
EndProject
Global
	GlobalSection(SolutionConfigurationPlatforms) = preSolution
		Debug|Any CPU = Debug|Any CPU
		Release|Any CPU = Release|Any CPU
	EndGlobalSection
	GlobalSection(ProjectConfigurationPlatforms) = postSolution
		{468FF47C-144F-42D1-9C54-9F61CDBB0CBF}.Debug|Any CPU.ActiveCfg = Debug|Any CPU
		{468FF47C-144F-42D1-9C54-9F61CDBB0CBF}.Debug|Any CPU.Build.0 = Debug|Any CPU
		{468FF47C-144F-42D1-9C54-9F61CDBB0CBF}.Release|Any CPU.ActiveCfg = Release|Any CPU
		{468FF47C-144F-42D1-9C54-9F61CDBB0CBF}.Release|Any CPU.Build.0 = Release|Any CPU
	EndGlobalSection
	GlobalSection(SolutionProperties) = preSolution
		HideSolutionNode = FALSE
	EndGlobalSection
	GlobalSection(ExtensibilityGlobals) = postSolution
		SolutionGuid = {0390FFD6-C1AA-42FA-A705-96DCD4505FC5}
	EndGlobalSection
EndGlobal
