
Microsoft Visual Studio Solution File, Format Version 12.00
# Visual Studio Version 16
VisualStudioVersion = 16.0.31515.178
MinimumVisualStudioVersion = 10.0.40219.1
Project("{FAE04EC0-301F-11D3-BF4B-00C04F79EFBC}") = "SwinAdventure", "SwinAdventure.csproj", "{EE436ED9-4533-469A-A6D5-9D046E432CE7}"
EndProject
Project("{FAE04EC0-301F-11D3-BF4B-00C04F79EFBC}") = "SwinAdventureTests", "..\SwinAdventureTests\SwinAdventureTests.csproj", "{B55A7FC7-C627-46A3-9EBD-DA34401A1BD6}"
EndProject
Global
	GlobalSection(SolutionConfigurationPlatforms) = preSolution
		Debug|Any CPU = Debug|Any CPU
		Release|Any CPU = Release|Any CPU
	EndGlobalSection
	GlobalSection(ProjectConfigurationPlatforms) = postSolution
		{EE436ED9-4533-469A-A6D5-9D046E432CE7}.Debug|Any CPU.ActiveCfg = Debug|Any CPU
		{EE436ED9-4533-469A-A6D5-9D046E432CE7}.Debug|Any CPU.Build.0 = Debug|Any CPU
		{EE436ED9-4533-469A-A6D5-9D046E432CE7}.Release|Any CPU.ActiveCfg = Release|Any CPU
		{EE436ED9-4533-469A-A6D5-9D046E432CE7}.Release|Any CPU.Build.0 = Release|Any CPU
		{B55A7FC7-C627-46A3-9EBD-DA34401A1BD6}.Debug|Any CPU.ActiveCfg = Debug|Any CPU
		{B55A7FC7-C627-46A3-9EBD-DA34401A1BD6}.Debug|Any CPU.Build.0 = Debug|Any CPU
		{B55A7FC7-C627-46A3-9EBD-DA34401A1BD6}.Release|Any CPU.ActiveCfg = Release|Any CPU
		{B55A7FC7-C627-46A3-9EBD-DA34401A1BD6}.Release|Any CPU.Build.0 = Release|Any CPU
	EndGlobalSection
	GlobalSection(SolutionProperties) = preSolution
		HideSolutionNode = FALSE
	EndGlobalSection
	GlobalSection(ExtensibilityGlobals) = postSolution
		SolutionGuid = {58F070F3-CF6A-49D1-B785-A8F8CD25A762}
	EndGlobalSection
EndGlobal
