
Microsoft Visual Studio Solution File, Format Version 12.00
# Visual Studio Version 16
VisualStudioVersion = 16.0.31515.178
MinimumVisualStudioVersion = 10.0.40219.1
Project("{FAE04EC0-301F-11D3-BF4B-00C04F79EFBC}") = "CounterTest", "CounterTest.csproj", "{5097DAA1-2F95-4FB8-9117-8AE9FA64F58D}"
EndProject
Global
	GlobalSection(SolutionConfigurationPlatforms) = preSolution
		Debug|Any CPU = Debug|Any CPU
		Release|Any CPU = Release|Any CPU
	EndGlobalSection
	GlobalSection(ProjectConfigurationPlatforms) = postSolution
		{5097DAA1-2F95-4FB8-9117-8AE9FA64F58D}.Debug|Any CPU.ActiveCfg = Debug|Any CPU
		{5097DAA1-2F95-4FB8-9117-8AE9FA64F58D}.Debug|Any CPU.Build.0 = Debug|Any CPU
		{5097DAA1-2F95-4FB8-9117-8AE9FA64F58D}.Release|Any CPU.ActiveCfg = Release|Any CPU
		{5097DAA1-2F95-4FB8-9117-8AE9FA64F58D}.Release|Any CPU.Build.0 = Release|Any CPU
	EndGlobalSection
	GlobalSection(SolutionProperties) = preSolution
		HideSolutionNode = FALSE
	EndGlobalSection
	GlobalSection(ExtensibilityGlobals) = postSolution
		SolutionGuid = {36948C2A-82A4-4598-8506-261BD2AA2476}
	EndGlobalSection
EndGlobal
